
Microsoft Visual Studio Solution File, Format Version 12.00
# Visual Studio Version 17
VisualStudioVersion = 17.14.36603.0 d17.14
MinimumVisualStudioVersion = 10.0.40219.1
Project("{FAE04EC0-301F-11D3-BF4B-00C04F79EFBC}") = "Ejercicio02", "Ejercicio02.csproj", "{DCA58A21-7FC6-4855-BD8C-6AB0F3A1719E}"
EndProject
Global
	GlobalSection(SolutionConfigurationPlatforms) = preSolution
		Debug|Any CPU = Debug|Any CPU
		Release|Any CPU = Release|Any CPU
	EndGlobalSection
	GlobalSection(ProjectConfigurationPlatforms) = postSolution
		{DCA58A21-7FC6-4855-BD8C-6AB0F3A1719E}.Debug|Any CPU.ActiveCfg = Debug|Any CPU
		{DCA58A21-7FC6-4855-BD8C-6AB0F3A1719E}.Debug|Any CPU.Build.0 = Debug|Any CPU
		{DCA58A21-7FC6-4855-BD8C-6AB0F3A1719E}.Release|Any CPU.ActiveCfg = Release|Any CPU
		{DCA58A21-7FC6-4855-BD8C-6AB0F3A1719E}.Release|Any CPU.Build.0 = Release|Any CPU
	EndGlobalSection
	GlobalSection(SolutionProperties) = preSolution
		HideSolutionNode = FALSE
	EndGlobalSection
	GlobalSection(ExtensibilityGlobals) = postSolution
		SolutionGuid = {3BCE44E0-C3A9-4A34-B78F-718BF53CDDCA}
	EndGlobalSection
EndGlobal
