
Microsoft Visual Studio Solution File, Format Version 12.00
# Visual Studio Version 17
VisualStudioVersion = 17.14.36603.0 d17.14
MinimumVisualStudioVersion = 10.0.40219.1
Project("{FAE04EC0-301F-11D3-BF4B-00C04F79EFBC}") = "Ejercicio14", "Ejercicio14.csproj", "{4AE449F2-BF32-47FE-BF8F-A720C271A1EB}"
EndProject
Global
	GlobalSection(SolutionConfigurationPlatforms) = preSolution
		Debug|Any CPU = Debug|Any CPU
		Release|Any CPU = Release|Any CPU
	EndGlobalSection
	GlobalSection(ProjectConfigurationPlatforms) = postSolution
		{4AE449F2-BF32-47FE-BF8F-A720C271A1EB}.Debug|Any CPU.ActiveCfg = Debug|Any CPU
		{4AE449F2-BF32-47FE-BF8F-A720C271A1EB}.Debug|Any CPU.Build.0 = Debug|Any CPU
		{4AE449F2-BF32-47FE-BF8F-A720C271A1EB}.Release|Any CPU.ActiveCfg = Release|Any CPU
		{4AE449F2-BF32-47FE-BF8F-A720C271A1EB}.Release|Any CPU.Build.0 = Release|Any CPU
	EndGlobalSection
	GlobalSection(SolutionProperties) = preSolution
		HideSolutionNode = FALSE
	EndGlobalSection
	GlobalSection(ExtensibilityGlobals) = postSolution
		SolutionGuid = {64AA04AB-F98C-4AC0-B737-D05A485410B6}
	EndGlobalSection
EndGlobal
