
Microsoft Visual Studio Solution File, Format Version 12.00
# Visual Studio Version 17
VisualStudioVersion = 17.14.36603.0 d17.14
MinimumVisualStudioVersion = 10.0.40219.1
Project("{FAE04EC0-301F-11D3-BF4B-00C04F79EFBC}") = "Ejercicio12", "Ejercicio12.csproj", "{CA773847-8C0A-4A8D-9CDF-C0AED17BBE63}"
EndProject
Global
	GlobalSection(SolutionConfigurationPlatforms) = preSolution
		Debug|Any CPU = Debug|Any CPU
		Release|Any CPU = Release|Any CPU
	EndGlobalSection
	GlobalSection(ProjectConfigurationPlatforms) = postSolution
		{CA773847-8C0A-4A8D-9CDF-C0AED17BBE63}.Debug|Any CPU.ActiveCfg = Debug|Any CPU
		{CA773847-8C0A-4A8D-9CDF-C0AED17BBE63}.Debug|Any CPU.Build.0 = Debug|Any CPU
		{CA773847-8C0A-4A8D-9CDF-C0AED17BBE63}.Release|Any CPU.ActiveCfg = Release|Any CPU
		{CA773847-8C0A-4A8D-9CDF-C0AED17BBE63}.Release|Any CPU.Build.0 = Release|Any CPU
	EndGlobalSection
	GlobalSection(SolutionProperties) = preSolution
		HideSolutionNode = FALSE
	EndGlobalSection
	GlobalSection(ExtensibilityGlobals) = postSolution
		SolutionGuid = {C5D1B57F-3D1B-48BC-8C2F-FF16329BC1F6}
	EndGlobalSection
EndGlobal
