
Microsoft Visual Studio Solution File, Format Version 12.00
# Visual Studio Version 17
VisualStudioVersion = 17.11.35327.3
MinimumVisualStudioVersion = 10.0.40219.1
Project("{FAE04EC0-301F-11D3-BF4B-00C04F79EFBC}") = "Ejercicio06", "Ejercicio06.csproj", "{9757B082-10D9-421A-87AB-BFF209B68B60}"
EndProject
Global
	GlobalSection(SolutionConfigurationPlatforms) = preSolution
		Debug|Any CPU = Debug|Any CPU
		Release|Any CPU = Release|Any CPU
	EndGlobalSection
	GlobalSection(ProjectConfigurationPlatforms) = postSolution
		{9757B082-10D9-421A-87AB-BFF209B68B60}.Debug|Any CPU.ActiveCfg = Debug|Any CPU
		{9757B082-10D9-421A-87AB-BFF209B68B60}.Debug|Any CPU.Build.0 = Debug|Any CPU
		{9757B082-10D9-421A-87AB-BFF209B68B60}.Release|Any CPU.ActiveCfg = Release|Any CPU
		{9757B082-10D9-421A-87AB-BFF209B68B60}.Release|Any CPU.Build.0 = Release|Any CPU
	EndGlobalSection
	GlobalSection(SolutionProperties) = preSolution
		HideSolutionNode = FALSE
	EndGlobalSection
	GlobalSection(ExtensibilityGlobals) = postSolution
		SolutionGuid = {9299C15E-DCAE-4D36-96E9-FF2A565583FC}
	EndGlobalSection
EndGlobal
