
Microsoft Visual Studio Solution File, Format Version 12.00
# Visual Studio Version 17
VisualStudioVersion = 17.14.36603.0 d17.14
MinimumVisualStudioVersion = 10.0.40219.1
Project("{FAE04EC0-301F-11D3-BF4B-00C04F79EFBC}") = "Ejercicio31", "Ejercicio31.csproj", "{AD5C7904-8F0D-479B-B663-B8B3427AEEF3}"
EndProject
Global
	GlobalSection(SolutionConfigurationPlatforms) = preSolution
		Debug|Any CPU = Debug|Any CPU
		Release|Any CPU = Release|Any CPU
	EndGlobalSection
	GlobalSection(ProjectConfigurationPlatforms) = postSolution
		{AD5C7904-8F0D-479B-B663-B8B3427AEEF3}.Debug|Any CPU.ActiveCfg = Debug|Any CPU
		{AD5C7904-8F0D-479B-B663-B8B3427AEEF3}.Debug|Any CPU.Build.0 = Debug|Any CPU
		{AD5C7904-8F0D-479B-B663-B8B3427AEEF3}.Release|Any CPU.ActiveCfg = Release|Any CPU
		{AD5C7904-8F0D-479B-B663-B8B3427AEEF3}.Release|Any CPU.Build.0 = Release|Any CPU
	EndGlobalSection
	GlobalSection(SolutionProperties) = preSolution
		HideSolutionNode = FALSE
	EndGlobalSection
	GlobalSection(ExtensibilityGlobals) = postSolution
		SolutionGuid = {005AB520-03AF-4BBB-B157-6167E302D456}
	EndGlobalSection
EndGlobal
