
Microsoft Visual Studio Solution File, Format Version 12.00
# Visual Studio Version 17
VisualStudioVersion = 17.14.36603.0 d17.14
MinimumVisualStudioVersion = 10.0.40219.1
Project("{FAE04EC0-301F-11D3-BF4B-00C04F79EFBC}") = "Ejercicio17", "Ejercicio17.csproj", "{11643D42-31C0-4948-8170-61F1C00BAE3A}"
EndProject
Global
	GlobalSection(SolutionConfigurationPlatforms) = preSolution
		Debug|Any CPU = Debug|Any CPU
		Release|Any CPU = Release|Any CPU
	EndGlobalSection
	GlobalSection(ProjectConfigurationPlatforms) = postSolution
		{11643D42-31C0-4948-8170-61F1C00BAE3A}.Debug|Any CPU.ActiveCfg = Debug|Any CPU
		{11643D42-31C0-4948-8170-61F1C00BAE3A}.Debug|Any CPU.Build.0 = Debug|Any CPU
		{11643D42-31C0-4948-8170-61F1C00BAE3A}.Release|Any CPU.ActiveCfg = Release|Any CPU
		{11643D42-31C0-4948-8170-61F1C00BAE3A}.Release|Any CPU.Build.0 = Release|Any CPU
	EndGlobalSection
	GlobalSection(SolutionProperties) = preSolution
		HideSolutionNode = FALSE
	EndGlobalSection
	GlobalSection(ExtensibilityGlobals) = postSolution
		SolutionGuid = {673B7B80-2FD2-4189-8B1F-BD38EA843AF6}
	EndGlobalSection
EndGlobal
