
Microsoft Visual Studio Solution File, Format Version 12.00
# Visual Studio Version 17
VisualStudioVersion = 17.11.35327.3
MinimumVisualStudioVersion = 10.0.40219.1
Project("{FAE04EC0-301F-11D3-BF4B-00C04F79EFBC}") = "Ejercicio12", "Ejercicio12.csproj", "{96B6B5D2-079B-4C9A-8CB2-A558A0BEE533}"
EndProject
Global
	GlobalSection(SolutionConfigurationPlatforms) = preSolution
		Debug|Any CPU = Debug|Any CPU
		Release|Any CPU = Release|Any CPU
	EndGlobalSection
	GlobalSection(ProjectConfigurationPlatforms) = postSolution
		{96B6B5D2-079B-4C9A-8CB2-A558A0BEE533}.Debug|Any CPU.ActiveCfg = Debug|Any CPU
		{96B6B5D2-079B-4C9A-8CB2-A558A0BEE533}.Debug|Any CPU.Build.0 = Debug|Any CPU
		{96B6B5D2-079B-4C9A-8CB2-A558A0BEE533}.Release|Any CPU.ActiveCfg = Release|Any CPU
		{96B6B5D2-079B-4C9A-8CB2-A558A0BEE533}.Release|Any CPU.Build.0 = Release|Any CPU
	EndGlobalSection
	GlobalSection(SolutionProperties) = preSolution
		HideSolutionNode = FALSE
	EndGlobalSection
	GlobalSection(ExtensibilityGlobals) = postSolution
		SolutionGuid = {435E4DD1-69C6-4896-BEFF-2D32B3293848}
	EndGlobalSection
EndGlobal
