
Microsoft Visual Studio Solution File, Format Version 12.00
# Visual Studio Version 17
VisualStudioVersion = 17.14.36603.0 d17.14
MinimumVisualStudioVersion = 10.0.40219.1
Project("{FAE04EC0-301F-11D3-BF4B-00C04F79EFBC}") = "Ejercicio09", "Ejercicio09.csproj", "{D81B1A9E-4C41-45E4-AB19-9DF60C3B6467}"
EndProject
Global
	GlobalSection(SolutionConfigurationPlatforms) = preSolution
		Debug|Any CPU = Debug|Any CPU
		Release|Any CPU = Release|Any CPU
	EndGlobalSection
	GlobalSection(ProjectConfigurationPlatforms) = postSolution
		{D81B1A9E-4C41-45E4-AB19-9DF60C3B6467}.Debug|Any CPU.ActiveCfg = Debug|Any CPU
		{D81B1A9E-4C41-45E4-AB19-9DF60C3B6467}.Debug|Any CPU.Build.0 = Debug|Any CPU
		{D81B1A9E-4C41-45E4-AB19-9DF60C3B6467}.Release|Any CPU.ActiveCfg = Release|Any CPU
		{D81B1A9E-4C41-45E4-AB19-9DF60C3B6467}.Release|Any CPU.Build.0 = Release|Any CPU
	EndGlobalSection
	GlobalSection(SolutionProperties) = preSolution
		HideSolutionNode = FALSE
	EndGlobalSection
	GlobalSection(ExtensibilityGlobals) = postSolution
		SolutionGuid = {D7A07BA7-7F11-4AC8-B810-66D8A12B9807}
	EndGlobalSection
EndGlobal
