
Microsoft Visual Studio Solution File, Format Version 12.00
# Visual Studio Version 17
VisualStudioVersion = 17.14.36603.0 d17.14
MinimumVisualStudioVersion = 10.0.40219.1
Project("{FAE04EC0-301F-11D3-BF4B-00C04F79EFBC}") = "Ejercicio08", "Ejercicio08.csproj", "{22702E47-6F31-4418-B2BC-56D4CD04408E}"
EndProject
Global
	GlobalSection(SolutionConfigurationPlatforms) = preSolution
		Debug|Any CPU = Debug|Any CPU
		Release|Any CPU = Release|Any CPU
	EndGlobalSection
	GlobalSection(ProjectConfigurationPlatforms) = postSolution
		{22702E47-6F31-4418-B2BC-56D4CD04408E}.Debug|Any CPU.ActiveCfg = Debug|Any CPU
		{22702E47-6F31-4418-B2BC-56D4CD04408E}.Debug|Any CPU.Build.0 = Debug|Any CPU
		{22702E47-6F31-4418-B2BC-56D4CD04408E}.Release|Any CPU.ActiveCfg = Release|Any CPU
		{22702E47-6F31-4418-B2BC-56D4CD04408E}.Release|Any CPU.Build.0 = Release|Any CPU
	EndGlobalSection
	GlobalSection(SolutionProperties) = preSolution
		HideSolutionNode = FALSE
	EndGlobalSection
	GlobalSection(ExtensibilityGlobals) = postSolution
		SolutionGuid = {B6221C50-80A0-493A-B970-2CA43BAA99EE}
	EndGlobalSection
EndGlobal
