
Microsoft Visual Studio Solution File, Format Version 12.00
# Visual Studio Version 17
VisualStudioVersion = 17.14.36603.0 d17.14
MinimumVisualStudioVersion = 10.0.40219.1
Project("{FAE04EC0-301F-11D3-BF4B-00C04F79EFBC}") = "Ejercicio06", "Ejercicio06.csproj", "{CBA25734-7B31-4D7A-A510-B0E37E56AECD}"
EndProject
Global
	GlobalSection(SolutionConfigurationPlatforms) = preSolution
		Debug|Any CPU = Debug|Any CPU
		Release|Any CPU = Release|Any CPU
	EndGlobalSection
	GlobalSection(ProjectConfigurationPlatforms) = postSolution
		{CBA25734-7B31-4D7A-A510-B0E37E56AECD}.Debug|Any CPU.ActiveCfg = Debug|Any CPU
		{CBA25734-7B31-4D7A-A510-B0E37E56AECD}.Debug|Any CPU.Build.0 = Debug|Any CPU
		{CBA25734-7B31-4D7A-A510-B0E37E56AECD}.Release|Any CPU.ActiveCfg = Release|Any CPU
		{CBA25734-7B31-4D7A-A510-B0E37E56AECD}.Release|Any CPU.Build.0 = Release|Any CPU
	EndGlobalSection
	GlobalSection(SolutionProperties) = preSolution
		HideSolutionNode = FALSE
	EndGlobalSection
	GlobalSection(ExtensibilityGlobals) = postSolution
		SolutionGuid = {98F3A3F2-C909-4265-A7EC-4E7113777B06}
	EndGlobalSection
EndGlobal
