
Microsoft Visual Studio Solution File, Format Version 12.00
# Visual Studio Version 17
VisualStudioVersion = 17.14.36603.0 d17.14
MinimumVisualStudioVersion = 10.0.40219.1
Project("{FAE04EC0-301F-11D3-BF4B-00C04F79EFBC}") = "Ejercicio02", "Ejercicio02.csproj", "{D66AFD9A-7FE7-43B9-9298-A268A8098443}"
EndProject
Global
	GlobalSection(SolutionConfigurationPlatforms) = preSolution
		Debug|Any CPU = Debug|Any CPU
		Release|Any CPU = Release|Any CPU
	EndGlobalSection
	GlobalSection(ProjectConfigurationPlatforms) = postSolution
		{D66AFD9A-7FE7-43B9-9298-A268A8098443}.Debug|Any CPU.ActiveCfg = Debug|Any CPU
		{D66AFD9A-7FE7-43B9-9298-A268A8098443}.Debug|Any CPU.Build.0 = Debug|Any CPU
		{D66AFD9A-7FE7-43B9-9298-A268A8098443}.Release|Any CPU.ActiveCfg = Release|Any CPU
		{D66AFD9A-7FE7-43B9-9298-A268A8098443}.Release|Any CPU.Build.0 = Release|Any CPU
	EndGlobalSection
	GlobalSection(SolutionProperties) = preSolution
		HideSolutionNode = FALSE
	EndGlobalSection
	GlobalSection(ExtensibilityGlobals) = postSolution
		SolutionGuid = {B47CD0A7-653B-40EE-AD61-B3D2B98E741A}
	EndGlobalSection
EndGlobal
